// !$*UTF8*$!
{
	archiveVersion = 1;
	classes = {
	};
	objectVersion = 46;
	objects = {

/* Begin PBXBuildFile section */
		0DA8D16D1D479574005B2CCD /* main.m in Sources */ = {isa = PBXBuildFile; fileRef = 0DA8D16C1D479574005B2CCD /* main.m */; };
		0DA8D1701D479574005B2CCD /* AppDelegate.m in Sources */ = {isa = PBXBuildFile; fileRef = 0DA8D16F1D479574005B2CCD /* AppDelegate.m */; };
		0DA8D1731D479574005B2CCD /* ViewController.m in Sources */ = {isa = PBXBuildFile; fileRef = 0DA8D1721D479574005B2CCD /* ViewController.m */; };
		0DA8D1761D479574005B2CCD /* Main.storyboard in Resources */ = {isa = PBXBuildFile; fileRef = 0DA8D1741D479574005B2CCD /* Main.storyboard */; };
		0DA8D1791D479574005B2CCD /* MyIOSBrain.xcdatamodeld in Sources */ = {isa = PBXBuildFile; fileRef = 0DA8D1771D479574005B2CCD /* MyIOSBrain.xcdatamodeld */; };
		0DA8D17E1D479574005B2CCD /* LaunchScreen.storyboard in Resources */ = {isa = PBXBuildFile; fileRef = 0DA8D17C1D479574005B2CCD /* LaunchScreen.storyboard */; };
		0DA8D1891D479574005B2CCD /* MyIOSBrainTests.m in Sources */ = {isa = PBXBuildFile; fileRef = 0DA8D1881D479574005B2CCD /* MyIOSBrainTests.m */; };
		0DA8D1941D479574005B2CCD /* MyIOSBrainUITests.m in Sources */ = {isa = PBXBuildFile; fileRef = 0DA8D1931D479574005B2CCD /* MyIOSBrainUITests.m */; };
		2016FB08ABB0732BC4DE55B3 /* Pods_MyIOSBrain.framework in Frameworks */ = {isa = PBXBuildFile; fileRef = 11BAC1D23CE8B4B4A78ACCF8 /* Pods_MyIOSBrain.framework */; };
		B12042FF1D4AE46E006BC420 /* AOPStore.m in Sources */ = {isa = PBXBuildFile; fileRef = B12042FE1D4AE46E006BC420 /* AOPStore.m */; };
		B146E0DE1D49A71500E082E4 /* MyAspectsIntercepter.m in Sources */ = {isa = PBXBuildFile; fileRef = B146E0DD1D49A71500E082E4 /* MyAspectsIntercepter.m */; };
		B1B0E3A21D49F494004230EA /* URLConfig.m in Sources */ = {isa = PBXBuildFile; fileRef = B1B0E3A11D49F494004230EA /* URLConfig.m */; };
		B1CD066D1D49E70D00903D2F /* Constant.m in Sources */ = {isa = PBXBuildFile; fileRef = B1CD066C1D49E70D00903D2F /* Constant.m */; };
		B1D95C121D5330F100AE23CE /* Assets.xcassets in Resources */ = {isa = PBXBuildFile; fileRef = B1D95C111D5330F100AE23CE /* Assets.xcassets */; };
		B1D95C151D5331BD00AE23CE /* BlueToothUtil.m in Sources */ = {isa = PBXBuildFile; fileRef = B1D95C141D5331BD00AE23CE /* BlueToothUtil.m */; };
		B1D95C1B1D5338F800AE23CE /* NSObject+XWAdd.m in Sources */ = {isa = PBXBuildFile; fileRef = B1D95C1A1D5338F800AE23CE /* NSObject+XWAdd.m */; };
/* End PBXBuildFile section */

/* Begin PBXContainerItemProxy section */
		0DA8D1851D479574005B2CCD /* PBXContainerItemProxy */ = {
			isa = PBXContainerItemProxy;
			containerPortal = 0DA8D1601D479574005B2CCD /* Project object */;
			proxyType = 1;
			remoteGlobalIDString = 0DA8D1671D479574005B2CCD;
			remoteInfo = MyIOSBrain;
		};
		0DA8D1901D479574005B2CCD /* PBXContainerItemProxy */ = {
			isa = PBXContainerItemProxy;
			containerPortal = 0DA8D1601D479574005B2CCD /* Project object */;
			proxyType = 1;
			remoteGlobalIDString = 0DA8D1671D479574005B2CCD;
			remoteInfo = MyIOSBrain;
		};
/* End PBXContainerItemProxy section */

/* Begin PBXFileReference section */
		0DA8D1681D479574005B2CCD /* MyIOSBrain.app */ = {isa = PBXFileReference; explicitFileType = wrapper.application; includeInIndex = 0; path = MyIOSBrain.app; sourceTree = BUILT_PRODUCTS_DIR; };
		0DA8D16C1D479574005B2CCD /* main.m */ = {isa = PBXFileReference; lastKnownFileType = sourcecode.c.objc; path = main.m; sourceTree = "<group>"; };
		0DA8D16E1D479574005B2CCD /* AppDelegate.h */ = {isa = PBXFileReference; lastKnownFileType = sourcecode.c.h; path = AppDelegate.h; sourceTree = "<group>"; };
		0DA8D16F1D479574005B2CCD /* AppDelegate.m */ = {isa = PBXFileReference; lastKnownFileType = sourcecode.c.objc; path = AppDelegate.m; sourceTree = "<group>"; };
		0DA8D1711D479574005B2CCD /* ViewController.h */ = {isa = PBXFileReference; lastKnownFileType = sourcecode.c.h; path = ViewController.h; sourceTree = "<group>"; };
		0DA8D1721D479574005B2CCD /* ViewController.m */ = {isa = PBXFileReference; lastKnownFileType = sourcecode.c.objc; path = ViewController.m; sourceTree = "<group>"; };
		0DA8D1751D479574005B2CCD /* Base */ = {isa = PBXFileReference; lastKnownFileType = file.storyboard; name = Base; path = Base.lproj/Main.storyboard; sourceTree = "<group>"; };
		0DA8D1781D479574005B2CCD /* MyIOSBrain.xcdatamodel */ = {isa = PBXFileReference; lastKnownFileType = wrapper.xcdatamodel; path = MyIOSBrain.xcdatamodel; sourceTree = "<group>"; };
		0DA8D17D1D479574005B2CCD /* Base */ = {isa = PBXFileReference; lastKnownFileType = file.storyboard; name = Base; path = Base.lproj/LaunchScreen.storyboard; sourceTree = "<group>"; };
		0DA8D17F1D479574005B2CCD /* Info.plist */ = {isa = PBXFileReference; lastKnownFileType = text.plist.xml; path = Info.plist; sourceTree = "<group>"; };
		0DA8D1841D479574005B2CCD /* MyIOSBrainTests.xctest */ = {isa = PBXFileReference; explicitFileType = wrapper.cfbundle; includeInIndex = 0; path = MyIOSBrainTests.xctest; sourceTree = BUILT_PRODUCTS_DIR; };
		0DA8D1881D479574005B2CCD /* MyIOSBrainTests.m */ = {isa = PBXFileReference; lastKnownFileType = sourcecode.c.objc; path = MyIOSBrainTests.m; sourceTree = "<group>"; };
		0DA8D18A1D479574005B2CCD /* Info.plist */ = {isa = PBXFileReference; lastKnownFileType = text.plist.xml; path = Info.plist; sourceTree = "<group>"; };
		0DA8D18F1D479574005B2CCD /* MyIOSBrainUITests.xctest */ = {isa = PBXFileReference; explicitFileType = wrapper.cfbundle; includeInIndex = 0; path = MyIOSBrainUITests.xctest; sourceTree = BUILT_PRODUCTS_DIR; };
		0DA8D1931D479574005B2CCD /* MyIOSBrainUITests.m */ = {isa = PBXFileReference; lastKnownFileType = sourcecode.c.objc; path = MyIOSBrainUITests.m; sourceTree = "<group>"; };
		0DA8D1951D479574005B2CCD /* Info.plist */ = {isa = PBXFileReference; lastKnownFileType = text.plist.xml; path = Info.plist; sourceTree = "<group>"; };
		0DA8D1A11D47985E005B2CCD /* MyIOSBrain.entitlements */ = {isa = PBXFileReference; lastKnownFileType = text.xml; path = MyIOSBrain.entitlements; sourceTree = "<group>"; };
		11BAC1D23CE8B4B4A78ACCF8 /* Pods_MyIOSBrain.framework */ = {isa = PBXFileReference; explicitFileType = wrapper.framework; includeInIndex = 0; path = Pods_MyIOSBrain.framework; sourceTree = BUILT_PRODUCTS_DIR; };
		3759C7946CD9AACF33C11939 /* Pods-MyIOSBrain.debug.xcconfig */ = {isa = PBXFileReference; includeInIndex = 1; lastKnownFileType = text.xcconfig; name = "Pods-MyIOSBrain.debug.xcconfig"; path = "Pods/Target Support Files/Pods-MyIOSBrain/Pods-MyIOSBrain.debug.xcconfig"; sourceTree = "<group>"; };
		9576DCC834828EA9EED659A2 /* Pods-MyIOSBrain.release.xcconfig */ = {isa = PBXFileReference; includeInIndex = 1; lastKnownFileType = text.xcconfig; name = "Pods-MyIOSBrain.release.xcconfig"; path = "Pods/Target Support Files/Pods-MyIOSBrain/Pods-MyIOSBrain.release.xcconfig"; sourceTree = "<group>"; };
		B12042FD1D4AE46E006BC420 /* AOPStore.h */ = {isa = PBXFileReference; fileEncoding = 4; lastKnownFileType = sourcecode.c.h; name = AOPStore.h; path = Main/AOPStore.h; sourceTree = "<group>"; };
		B12042FE1D4AE46E006BC420 /* AOPStore.m */ = {isa = PBXFileReference; fileEncoding = 4; lastKnownFileType = sourcecode.c.objc; name = AOPStore.m; path = Main/AOPStore.m; sourceTree = "<group>"; };
		B146E0DC1D49A71500E082E4 /* MyAspectsIntercepter.h */ = {isa = PBXFileReference; fileEncoding = 4; lastKnownFileType = sourcecode.c.h; path = MyAspectsIntercepter.h; sourceTree = "<group>"; };
		B146E0DD1D49A71500E082E4 /* MyAspectsIntercepter.m */ = {isa = PBXFileReference; fileEncoding = 4; lastKnownFileType = sourcecode.c.objc; path = MyAspectsIntercepter.m; sourceTree = "<group>"; };
		B1B0E3A01D49F494004230EA /* URLConfig.h */ = {isa = PBXFileReference; fileEncoding = 4; lastKnownFileType = sourcecode.c.h; name = URLConfig.h; path = Expand/Network/URLConfig.h; sourceTree = "<group>"; };
		B1B0E3A11D49F494004230EA /* URLConfig.m */ = {isa = PBXFileReference; fileEncoding = 4; lastKnownFileType = sourcecode.c.objc; name = URLConfig.m; path = Expand/Network/URLConfig.m; sourceTree = "<group>"; };
		B1CD066B1D49E70D00903D2F /* Constant.h */ = {isa = PBXFileReference; fileEncoding = 4; lastKnownFileType = sourcecode.c.h; name = Constant.h; path = Expand/Const/Constant.h; sourceTree = "<group>"; };
		B1CD066C1D49E70D00903D2F /* Constant.m */ = {isa = PBXFileReference; fileEncoding = 4; lastKnownFileType = sourcecode.c.objc; name = Constant.m; path = Expand/Const/Constant.m; sourceTree = "<group>"; };
		B1D95C111D5330F100AE23CE /* Assets.xcassets */ = {isa = PBXFileReference; lastKnownFileType = folder.assetcatalog; path = Assets.xcassets; sourceTree = "<group>"; };
		B1D95C131D5331BD00AE23CE /* BlueToothUtil.h */ = {isa = PBXFileReference; fileEncoding = 4; lastKnownFileType = sourcecode.c.h; name = BlueToothUtil.h; path = Expand/Tool/Util/BlueToothUtil.h; sourceTree = "<group>"; };
		B1D95C141D5331BD00AE23CE /* BlueToothUtil.m */ = {isa = PBXFileReference; fileEncoding = 4; lastKnownFileType = sourcecode.c.objc; name = BlueToothUtil.m; path = Expand/Tool/Util/BlueToothUtil.m; sourceTree = "<group>"; };
		B1D95C191D5338F800AE23CE /* NSObject+XWAdd.h */ = {isa = PBXFileReference; fileEncoding = 4; lastKnownFileType = sourcecode.c.h; name = "NSObject+XWAdd.h"; path = "Expand/Category/NSObject+XWAdd.h"; sourceTree = "<group>"; };
		B1D95C1A1D5338F800AE23CE /* NSObject+XWAdd.m */ = {isa = PBXFileReference; fileEncoding = 4; lastKnownFileType = sourcecode.c.objc; name = "NSObject+XWAdd.m"; path = "Expand/Category/NSObject+XWAdd.m"; sourceTree = "<group>"; };
/* End PBXFileReference section */

/* Begin PBXFrameworksBuildPhase section */
		0DA8D1651D479574005B2CCD /* Frameworks */ = {
			isa = PBXFrameworksBuildPhase;
			buildActionMask = 2147483647;
			files = (
				2016FB08ABB0732BC4DE55B3 /* Pods_MyIOSBrain.framework in Frameworks */,
			);
			runOnlyForDeploymentPostprocessing = 0;
		};
		0DA8D1811D479574005B2CCD /* Frameworks */ = {
			isa = PBXFrameworksBuildPhase;
			buildActionMask = 2147483647;
			files = (
			);
			runOnlyForDeploymentPostprocessing = 0;
		};
		0DA8D18C1D479574005B2CCD /* Frameworks */ = {
			isa = PBXFrameworksBuildPhase;
			buildActionMask = 2147483647;
			files = (
			);
			runOnlyForDeploymentPostprocessing = 0;
		};
/* End PBXFrameworksBuildPhase section */

/* Begin PBXGroup section */
		0DA8D15F1D479574005B2CCD = {
			isa = PBXGroup;
			children = (
				0DA8D16A1D479574005B2CCD /* MyIOSBrain */,
				0DA8D1871D479574005B2CCD /* MyIOSBrainTests */,
				0DA8D1921D479574005B2CCD /* MyIOSBrainUITests */,
				0DA8D1691D479574005B2CCD /* Products */,
				198E1928E4F693596D96CF41 /* Pods */,
				DC803A365635F84F26B2F6C0 /* Frameworks */,
			);
			sourceTree = "<group>";
		};
		0DA8D1691D479574005B2CCD /* Products */ = {
			isa = PBXGroup;
			children = (
				0DA8D1681D479574005B2CCD /* MyIOSBrain.app */,
				0DA8D1841D479574005B2CCD /* MyIOSBrainTests.xctest */,
				0DA8D18F1D479574005B2CCD /* MyIOSBrainUITests.xctest */,
			);
			name = Products;
			sourceTree = "<group>";
		};
		0DA8D16A1D479574005B2CCD /* MyIOSBrain */ = {
			isa = PBXGroup;
			children = (
				B1CD06601D49E36100903D2F /* Vender */,
				B1CD065E1D49E33400903D2F /* Expand */,
				B1CD065D1D49E32400903D2F /* Main */,
				B1CD065F1D49E34300903D2F /* Resource */,
				0DA8D1741D479574005B2CCD /* Main.storyboard */,
				0DA8D17C1D479574005B2CCD /* LaunchScreen.storyboard */,
				0DA8D16E1D479574005B2CCD /* AppDelegate.h */,
				0DA8D16F1D479574005B2CCD /* AppDelegate.m */,
				0DA8D16B1D479574005B2CCD /* Supporting Files */,
			);
			path = MyIOSBrain;
			sourceTree = "<group>";
		};
		0DA8D16B1D479574005B2CCD /* Supporting Files */ = {
			isa = PBXGroup;
			children = (
				0DA8D16C1D479574005B2CCD /* main.m */,
			);
			name = "Supporting Files";
			sourceTree = "<group>";
		};
		0DA8D1871D479574005B2CCD /* MyIOSBrainTests */ = {
			isa = PBXGroup;
			children = (
				0DA8D1881D479574005B2CCD /* MyIOSBrainTests.m */,
				0DA8D18A1D479574005B2CCD /* Info.plist */,
			);
			path = MyIOSBrainTests;
			sourceTree = "<group>";
		};
		0DA8D1921D479574005B2CCD /* MyIOSBrainUITests */ = {
			isa = PBXGroup;
			children = (
				0DA8D1931D479574005B2CCD /* MyIOSBrainUITests.m */,
				0DA8D1951D479574005B2CCD /* Info.plist */,
			);
			path = MyIOSBrainUITests;
			sourceTree = "<group>";
		};
		198E1928E4F693596D96CF41 /* Pods */ = {
			isa = PBXGroup;
			children = (
				3759C7946CD9AACF33C11939 /* Pods-MyIOSBrain.debug.xcconfig */,
				9576DCC834828EA9EED659A2 /* Pods-MyIOSBrain.release.xcconfig */,
			);
			name = Pods;
			sourceTree = "<group>";
		};
		B1B0E3961D49F3C1004230EA /* Helper */ = {
			isa = PBXGroup;
			children = (
			);
			name = Helper;
			sourceTree = "<group>";
		};
		B1B0E3971D49F3C9004230EA /* Util */ = {
			isa = PBXGroup;
			children = (
				B1D95C131D5331BD00AE23CE /* BlueToothUtil.h */,
				B1D95C141D5331BD00AE23CE /* BlueToothUtil.m */,
			);
			name = Util;
			sourceTree = "<group>";
		};
		B1B0E3981D49F3DE004230EA /* MainView */ = {
			isa = PBXGroup;
			children = (
				B1B0E39C1D49F403004230EA /* Other */,
				B1B0E39B1D49F3F6004230EA /* Controller */,
				B1B0E39A1D49F3F2004230EA /* View */,
				B1B0E3991D49F3ED004230EA /* Model */,
			);
			name = MainView;
			sourceTree = "<group>";
		};
		B1B0E3991D49F3ED004230EA /* Model */ = {
			isa = PBXGroup;
			children = (
			);
			name = Model;
			sourceTree = "<group>";
		};
		B1B0E39A1D49F3F2004230EA /* View */ = {
			isa = PBXGroup;
			children = (
			);
			name = View;
			sourceTree = "<group>";
		};
		B1B0E39B1D49F3F6004230EA /* Controller */ = {
			isa = PBXGroup;
			children = (
				0DA8D1711D479574005B2CCD /* ViewController.h */,
				0DA8D1721D479574005B2CCD /* ViewController.m */,
			);
			name = Controller;
			sourceTree = "<group>";
		};
		B1B0E39C1D49F403004230EA /* Other */ = {
			isa = PBXGroup;
			children = (
				B12042FD1D4AE46E006BC420 /* AOPStore.h */,
				B12042FE1D4AE46E006BC420 /* AOPStore.m */,
			);
			name = Other;
			sourceTree = "<group>";
		};
		B1B0E3A31D49F4F6004230EA /* Base */ = {
			isa = PBXGroup;
			children = (
				B1B0E3A71D49F517004230EA /* Other */,
				B1B0E3A61D49F50B004230EA /* Controller */,
				B1B0E3A51D49F507004230EA /* View */,
				B1B0E3A41D49F501004230EA /* Model */,
			);
			name = Base;
			sourceTree = "<group>";
		};
		B1B0E3A41D49F501004230EA /* Model */ = {
			isa = PBXGroup;
			children = (
			);
			name = Model;
			sourceTree = "<group>";
		};
		B1B0E3A51D49F507004230EA /* View */ = {
			isa = PBXGroup;
			children = (
			);
			name = View;
			sourceTree = "<group>";
		};
		B1B0E3A61D49F50B004230EA /* Controller */ = {
			isa = PBXGroup;
			children = (
			);
			name = Controller;
			sourceTree = "<group>";
		};
		B1B0E3A71D49F517004230EA /* Other */ = {
			isa = PBXGroup;
			children = (
			);
			name = Other;
			sourceTree = "<group>";
		};
		B1CD065D1D49E32400903D2F /* Main */ = {
			isa = PBXGroup;
			children = (
				B1B0E3A31D49F4F6004230EA /* Base */,
				B1B0E3981D49F3DE004230EA /* MainView */,
			);
			name = Main;
			sourceTree = "<group>";
		};
		B1CD065E1D49E33400903D2F /* Expand */ = {
			isa = PBXGroup;
			children = (
				B1CD06691D49E42600903D2F /* Database */,
				B1CD06681D49E41600903D2F /* Category */,
				B1CD06671D49E40B00903D2F /* Network */,
				B1CD06661D49E40300903D2F /* Tool */,
				B1CD06651D49E3FB00903D2F /* Macros */,
				B1CD06641D49E3EE00903D2F /* Const */,
			);
			name = Expand;
			sourceTree = "<group>";
		};
		B1CD065F1D49E34300903D2F /* Resource */ = {
			isa = PBXGroup;
			children = (
				B1CD06631D49E3A400903D2F /* Plist */,
				B1CD06621D49E39E00903D2F /* Image */,
				B1CD06611D49E39300903D2F /* Global */,
			);
			name = Resource;
			sourceTree = "<group>";
		};
		B1CD06601D49E36100903D2F /* Vender */ = {
			isa = PBXGroup;
			children = (
			);
			name = Vender;
			sourceTree = "<group>";
		};
		B1CD06611D49E39300903D2F /* Global */ = {
			isa = PBXGroup;
			children = (
				0DA8D1A11D47985E005B2CCD /* MyIOSBrain.entitlements */,
				0DA8D1771D479574005B2CCD /* MyIOSBrain.xcdatamodeld */,
			);
			name = Global;
			sourceTree = "<group>";
		};
		B1CD06621D49E39E00903D2F /* Image */ = {
			isa = PBXGroup;
			children = (
				B1D95C111D5330F100AE23CE /* Assets.xcassets */,
			);
			name = Image;
			sourceTree = "<group>";
		};
		B1CD06631D49E3A400903D2F /* Plist */ = {
			isa = PBXGroup;
			children = (
				0DA8D17F1D479574005B2CCD /* Info.plist */,
			);
			name = Plist;
			sourceTree = "<group>";
		};
		B1CD06641D49E3EE00903D2F /* Const */ = {
			isa = PBXGroup;
			children = (
				B1CD066B1D49E70D00903D2F /* Constant.h */,
				B1CD066C1D49E70D00903D2F /* Constant.m */,
			);
			name = Const;
			sourceTree = "<group>";
		};
		B1CD06651D49E3FB00903D2F /* Macros */ = {
			isa = PBXGroup;
			children = (
			);
			name = Macros;
			sourceTree = "<group>";
		};
		B1CD06661D49E40300903D2F /* Tool */ = {
			isa = PBXGroup;
			children = (
				B1B0E3971D49F3C9004230EA /* Util */,
				B1B0E3961D49F3C1004230EA /* Helper */,
				B1CD066A1D49E46700903D2F /* Intercepter */,
			);
			name = Tool;
			sourceTree = "<group>";
		};
		B1CD06671D49E40B00903D2F /* Network */ = {
			isa = PBXGroup;
			children = (
				B1B0E3A01D49F494004230EA /* URLConfig.h */,
				B1B0E3A11D49F494004230EA /* URLConfig.m */,
			);
			name = Network;
			sourceTree = "<group>";
		};
		B1CD06681D49E41600903D2F /* Category */ = {
			isa = PBXGroup;
			children = (
				B1D95C191D5338F800AE23CE /* NSObject+XWAdd.h */,
				B1D95C1A1D5338F800AE23CE /* NSObject+XWAdd.m */,
			);
			name = Category;
			sourceTree = "<group>";
		};
		B1CD06691D49E42600903D2F /* Database */ = {
			isa = PBXGroup;
			children = (
			);
			name = Database;
			sourceTree = "<group>";
		};
		B1CD066A1D49E46700903D2F /* Intercepter */ = {
			isa = PBXGroup;
			children = (
				B146E0DC1D49A71500E082E4 /* MyAspectsIntercepter.h */,
				B146E0DD1D49A71500E082E4 /* MyAspectsIntercepter.m */,
			);
			name = Intercepter;
			sourceTree = "<group>";
		};
		DC803A365635F84F26B2F6C0 /* Frameworks */ = {
			isa = PBXGroup;
			children = (
				11BAC1D23CE8B4B4A78ACCF8 /* Pods_MyIOSBrain.framework */,
			);
			name = Frameworks;
			sourceTree = "<group>";
		};
/* End PBXGroup section */

/* Begin PBXNativeTarget section */
		0DA8D1671D479574005B2CCD /* MyIOSBrain */ = {
			isa = PBXNativeTarget;
			buildConfigurationList = 0DA8D1981D479574005B2CCD /* Build configuration list for PBXNativeTarget "MyIOSBrain" */;
			buildPhases = (
				C2258FAF371F1F4506C0EF80 /* Check Pods Manifest.lock */,
				0DA8D1641D479574005B2CCD /* Sources */,
				0DA8D1651D479574005B2CCD /* Frameworks */,
				0DA8D1661D479574005B2CCD /* Resources */,
				B266383C6B1C422AD1F3B6FB /* Embed Pods Frameworks */,
				3D77AFA1F748D0B611431CE6 /* Copy Pods Resources */,
			);
			buildRules = (
			);
			dependencies = (
			);
			name = MyIOSBrain;
			productName = MyIOSBrain;
			productReference = 0DA8D1681D479574005B2CCD /* MyIOSBrain.app */;
			productType = "com.apple.product-type.application";
		};
		0DA8D1831D479574005B2CCD /* MyIOSBrainTests */ = {
			isa = PBXNativeTarget;
			buildConfigurationList = 0DA8D19B1D479574005B2CCD /* Build configuration list for PBXNativeTarget "MyIOSBrainTests" */;
			buildPhases = (
				0DA8D1801D479574005B2CCD /* Sources */,
				0DA8D1811D479574005B2CCD /* Frameworks */,
				0DA8D1821D479574005B2CCD /* Resources */,
			);
			buildRules = (
			);
			dependencies = (
				0DA8D1861D479574005B2CCD /* PBXTargetDependency */,
			);
			name = MyIOSBrainTests;
			productName = MyIOSBrainTests;
			productReference = 0DA8D1841D479574005B2CCD /* MyIOSBrainTests.xctest */;
			productType = "com.apple.product-type.bundle.unit-test";
		};
		0DA8D18E1D479574005B2CCD /* MyIOSBrainUITests */ = {
			isa = PBXNativeTarget;
			buildConfigurationList = 0DA8D19E1D479574005B2CCD /* Build configuration list for PBXNativeTarget "MyIOSBrainUITests" */;
			buildPhases = (
				0DA8D18B1D479574005B2CCD /* Sources */,
				0DA8D18C1D479574005B2CCD /* Frameworks */,
				0DA8D18D1D479574005B2CCD /* Resources */,
			);
			buildRules = (
			);
			dependencies = (
				0DA8D1911D479574005B2CCD /* PBXTargetDependency */,
			);
			name = MyIOSBrainUITests;
			productName = MyIOSBrainUITests;
			productReference = 0DA8D18F1D479574005B2CCD /* MyIOSBrainUITests.xctest */;
			productType = "com.apple.product-type.bundle.ui-testing";
		};
/* End PBXNativeTarget section */

/* Begin PBXProject section */
		0DA8D1601D479574005B2CCD /* Project object */ = {
			isa = PBXProject;
			attributes = {
				LastUpgradeCheck = 0730;
				ORGANIZATIONNAME = OkarOu;
				TargetAttributes = {
					0DA8D1671D479574005B2CCD = {
						CreatedOnToolsVersion = 7.3.1;
						DevelopmentTeam = 5935QT5CL2;
						SystemCapabilities = {
							com.apple.BackgroundModes = {
								enabled = 1;
							};
							com.apple.Keychain = {
								enabled = 1;
							};
						};
					};
					0DA8D1831D479574005B2CCD = {
						CreatedOnToolsVersion = 7.3.1;
						TestTargetID = 0DA8D1671D479574005B2CCD;
					};
					0DA8D18E1D479574005B2CCD = {
						CreatedOnToolsVersion = 7.3.1;
						TestTargetID = 0DA8D1671D479574005B2CCD;
					};
				};
			};
			buildConfigurationList = 0DA8D1631D479574005B2CCD /* Build configuration list for PBXProject "MyIOSBrain" */;
			compatibilityVersion = "Xcode 3.2";
			developmentRegion = English;
			hasScannedForEncodings = 0;
			knownRegions = (
				en,
				Base,
			);
			mainGroup = 0DA8D15F1D479574005B2CCD;
			productRefGroup = 0DA8D1691D479574005B2CCD /* Products */;
			projectDirPath = "";
			projectRoot = "";
			targets = (
				0DA8D1671D479574005B2CCD /* MyIOSBrain */,
				0DA8D1831D479574005B2CCD /* MyIOSBrainTests */,
				0DA8D18E1D479574005B2CCD /* MyIOSBrainUITests */,
			);
		};
/* End PBXProject section */

/* Begin PBXResourcesBuildPhase section */
		0DA8D1661D479574005B2CCD /* Resources */ = {
			isa = PBXResourcesBuildPhase;
			buildActionMask = 2147483647;
			files = (
				0DA8D17E1D479574005B2CCD /* LaunchScreen.storyboard in Resources */,
				B1D95C121D5330F100AE23CE /* Assets.xcassets in Resources */,
				0DA8D1761D479574005B2CCD /* Main.storyboard in Resources */,
			);
			runOnlyForDeploymentPostprocessing = 0;
		};
		0DA8D1821D479574005B2CCD /* Resources */ = {
			isa = PBXResourcesBuildPhase;
			buildActionMask = 2147483647;
			files = (
			);
			runOnlyForDeploymentPostprocessing = 0;
		};
		0DA8D18D1D479574005B2CCD /* Resources */ = {
			isa = PBXResourcesBuildPhase;
			buildActionMask = 2147483647;
			files = (
			);
			runOnlyForDeploymentPostprocessing = 0;
		};
/* End PBXResourcesBuildPhase section */

/* Begin PBXShellScriptBuildPhase section */
		3D77AFA1F748D0B611431CE6 /* Copy Pods Resources */ = {
			isa = PBXShellScriptBuildPhase;
			buildActionMask = 2147483647;
			files = (
			);
			inputPaths = (
			);
			name = "Copy Pods Resources";
			outputPaths = (
			);
			runOnlyForDeploymentPostprocessing = 0;
			shellPath = /bin/sh;
			shellScript = "\"${SRCROOT}/Pods/Target Support Files/Pods-MyIOSBrain/Pods-MyIOSBrain-resources.sh\"\n";
			showEnvVarsInLog = 0;
		};
		B266383C6B1C422AD1F3B6FB /* Embed Pods Frameworks */ = {
			isa = PBXShellScriptBuildPhase;
			buildActionMask = 2147483647;
			files = (
			);
			inputPaths = (
			);
			name = "Embed Pods Frameworks";
			outputPaths = (
			);
			runOnlyForDeploymentPostprocessing = 0;
			shellPath = /bin/sh;
			shellScript = "\"${SRCROOT}/Pods/Target Support Files/Pods-MyIOSBrain/Pods-MyIOSBrain-frameworks.sh\"\n";
			showEnvVarsInLog = 0;
		};
		C2258FAF371F1F4506C0EF80 /* Check Pods Manifest.lock */ = {
			isa = PBXShellScriptBuildPhase;
			buildActionMask = 2147483647;
			files = (
			);
			inputPaths = (
			);
			name = "Check Pods Manifest.lock";
			outputPaths = (
			);
			runOnlyForDeploymentPostprocessing = 0;
			shellPath = /bin/sh;
			shellScript = "diff \"${PODS_ROOT}/../Podfile.lock\" \"${PODS_ROOT}/Manifest.lock\" > /dev/null\nif [[ $? != 0 ]] ; then\n    cat << EOM\nerror: The sandbox is not in sync with the Podfile.lock. Run 'pod install' or update your CocoaPods installation.\nEOM\n    exit 1\nfi\n";
			showEnvVarsInLog = 0;
		};
/* End PBXShellScriptBuildPhase section */

/* Begin PBXSourcesBuildPhase section */
		0DA8D1641D479574005B2CCD /* Sources */ = {
			isa = PBXSourcesBuildPhase;
			buildActionMask = 2147483647;
			files = (
				B146E0DE1D49A71500E082E4 /* MyAspectsIntercepter.m in Sources */,
				B1CD066D1D49E70D00903D2F /* Constant.m in Sources */,
				0DA8D1791D479574005B2CCD /* MyIOSBrain.xcdatamodeld in Sources */,
				0DA8D1731D479574005B2CCD /* ViewController.m in Sources */,
				0DA8D1701D479574005B2CCD /* AppDelegate.m in Sources */,
				0DA8D16D1D479574005B2CCD /* main.m in Sources */,
				B1D95C1B1D5338F800AE23CE /* NSObject+XWAdd.m in Sources */,
				B1D95C151D5331BD00AE23CE /* BlueToothUtil.m in Sources */,
				B12042FF1D4AE46E006BC420 /* AOPStore.m in Sources */,
				B1B0E3A21D49F494004230EA /* URLConfig.m in Sources */,
			);
			runOnlyForDeploymentPostprocessing = 0;
		};
		0DA8D1801D479574005B2CCD /* Sources */ = {
			isa = PBXSourcesBuildPhase;
			buildActionMask = 2147483647;
			files = (
				0DA8D1891D479574005B2CCD /* MyIOSBrainTests.m in Sources */,
			);
			runOnlyForDeploymentPostprocessing = 0;
		};
		0DA8D18B1D479574005B2CCD /* Sources */ = {
			isa = PBXSourcesBuildPhase;
			buildActionMask = 2147483647;
			files = (
				0DA8D1941D479574005B2CCD /* MyIOSBrainUITests.m in Sources */,
			);
			runOnlyForDeploymentPostprocessing = 0;
		};
/* End PBXSourcesBuildPhase section */

/* Begin PBXTargetDependency section */
		0DA8D1861D479574005B2CCD /* PBXTargetDependency */ = {
			isa = PBXTargetDependency;
			target = 0DA8D1671D479574005B2CCD /* MyIOSBrain */;
			targetProxy = 0DA8D1851D479574005B2CCD /* PBXContainerItemProxy */;
		};
		0DA8D1911D479574005B2CCD /* PBXTargetDependency */ = {
			isa = PBXTargetDependency;
			target = 0DA8D1671D479574005B2CCD /* MyIOSBrain */;
			targetProxy = 0DA8D1901D479574005B2CCD /* PBXContainerItemProxy */;
		};
/* End PBXTargetDependency section */

/* Begin PBXVariantGroup section */
		0DA8D1741D479574005B2CCD /* Main.storyboard */ = {
			isa = PBXVariantGroup;
			children = (
				0DA8D1751D479574005B2CCD /* Base */,
			);
			name = Main.storyboard;
			sourceTree = "<group>";
		};
		0DA8D17C1D479574005B2CCD /* LaunchScreen.storyboard */ = {
			isa = PBXVariantGroup;
			children = (
				0DA8D17D1D479574005B2CCD /* Base */,
			);
			name = LaunchScreen.storyboard;
			sourceTree = "<group>";
		};
/* End PBXVariantGroup section */

/* Begin XCBuildConfiguration section */
		0DA8D1961D479574005B2CCD /* Debug */ = {
			isa = XCBuildConfiguration;
			buildSettings = {
				ALWAYS_SEARCH_USER_PATHS = NO;
				CLANG_ANALYZER_NONNULL = YES;
				CLANG_CXX_LANGUAGE_STANDARD = "gnu++0x";
				CLANG_CXX_LIBRARY = "libc++";
				CLANG_ENABLE_MODULES = YES;
				CLANG_ENABLE_OBJC_ARC = YES;
				CLANG_WARN_BOOL_CONVERSION = YES;
				CLANG_WARN_CONSTANT_CONVERSION = YES;
				CLANG_WARN_DIRECT_OBJC_ISA_USAGE = YES_ERROR;
				CLANG_WARN_EMPTY_BODY = YES;
				CLANG_WARN_ENUM_CONVERSION = YES;
				CLANG_WARN_INT_CONVERSION = YES;
				CLANG_WARN_OBJC_ROOT_CLASS = YES_ERROR;
				CLANG_WARN_UNREACHABLE_CODE = YES;
				CLANG_WARN__DUPLICATE_METHOD_MATCH = YES;
				"CODE_SIGN_IDENTITY[sdk=iphoneos*]" = "iPhone Developer";
				COPY_PHASE_STRIP = NO;
				DEBUG_INFORMATION_FORMAT = dwarf;
				ENABLE_STRICT_OBJC_MSGSEND = YES;
				ENABLE_TESTABILITY = YES;
				GCC_C_LANGUAGE_STANDARD = gnu99;
				GCC_DYNAMIC_NO_PIC = NO;
				GCC_NO_COMMON_BLOCKS = YES;
				GCC_OPTIMIZATION_LEVEL = 0;
				GCC_PREPROCESSOR_DEFINITIONS = (
					"DEBUG=1",
					"$(inherited)",
				);
				GCC_WARN_64_TO_32_BIT_CONVERSION = YES;
				GCC_WARN_ABOUT_RETURN_TYPE = YES_ERROR;
				GCC_WARN_UNDECLARED_SELECTOR = YES;
				GCC_WARN_UNINITIALIZED_AUTOS = YES_AGGRESSIVE;
				GCC_WARN_UNUSED_FUNCTION = YES;
				GCC_WARN_UNUSED_VARIABLE = YES;
				IPHONEOS_DEPLOYMENT_TARGET = 9.3;
				MTL_ENABLE_DEBUG_INFO = YES;
				ONLY_ACTIVE_ARCH = YES;
				SDKROOT = iphoneos;
				TARGETED_DEVICE_FAMILY = "1,2";
			};
			name = Debug;
		};
		0DA8D1971D479574005B2CCD /* Release */ = {
			isa = XCBuildConfiguration;
			buildSettings = {
				ALWAYS_SEARCH_USER_PATHS = NO;
				CLANG_ANALYZER_NONNULL = YES;
				CLANG_CXX_LANGUAGE_STANDARD = "gnu++0x";
				CLANG_CXX_LIBRARY = "libc++";
				CLANG_ENABLE_MODULES = YES;
				CLANG_ENABLE_OBJC_ARC = YES;
				CLANG_WARN_BOOL_CONVERSION = YES;
				CLANG_WARN_CONSTANT_CONVERSION = YES;
				CLANG_WARN_DIRECT_OBJC_ISA_USAGE = YES_ERROR;
				CLANG_WARN_EMPTY_BODY = YES;
				CLANG_WARN_ENUM_CONVERSION = YES;
				CLANG_WARN_INT_CONVERSION = YES;
				CLANG_WARN_OBJC_ROOT_CLASS = YES_ERROR;
				CLANG_WARN_UNREACHABLE_CODE = YES;
				CLANG_WARN__DUPLICATE_METHOD_MATCH = YES;
				"CODE_SIGN_IDENTITY[sdk=iphoneos*]" = "iPhone Developer";
				COPY_PHASE_STRIP = NO;
				DEBUG_INFORMATION_FORMAT = "dwarf-with-dsym";
				ENABLE_NS_ASSERTIONS = NO;
				ENABLE_STRICT_OBJC_MSGSEND = YES;
				GCC_C_LANGUAGE_STANDARD = gnu99;
				GCC_NO_COMMON_BLOCKS = YES;
				GCC_WARN_64_TO_32_BIT_CONVERSION = YES;
				GCC_WARN_ABOUT_RETURN_TYPE = YES_ERROR;
				GCC_WARN_UNDECLARED_SELECTOR = YES;
				GCC_WARN_UNINITIALIZED_AUTOS = YES_AGGRESSIVE;
				GCC_WARN_UNUSED_FUNCTION = YES;
				GCC_WARN_UNUSED_VARIABLE = YES;
				IPHONEOS_DEPLOYMENT_TARGET = 9.3;
				MTL_ENABLE_DEBUG_INFO = NO;
				SDKROOT = iphoneos;
				TARGETED_DEVICE_FAMILY = "1,2";
				VALIDATE_PRODUCT = YES;
			};
			name = Release;
		};
		0DA8D1991D479574005B2CCD /* Debug */ = {
			isa = XCBuildConfiguration;
			baseConfigurationReference = 3759C7946CD9AACF33C11939 /* Pods-MyIOSBrain.debug.xcconfig */;
			buildSettings = {
				ASSETCATALOG_COMPILER_APPICON_NAME = AppIcon;
				CODE_SIGN_ENTITLEMENTS = MyIOSBrain/MyIOSBrain.entitlements;
				INFOPLIST_FILE = MyIOSBrain/Info.plist;
				IPHONEOS_DEPLOYMENT_TARGET = 8.0;
				LD_RUNPATH_SEARCH_PATHS = "$(inherited) @executable_path/Frameworks";
				PRODUCT_BUNDLE_IDENTIFIER = com.okar.MyIOSBrain;
				PRODUCT_NAME = "$(TARGET_NAME)";
			};
			name = Debug;
		};
		0DA8D19A1D479574005B2CCD /* Release */ = {
			isa = XCBuildConfiguration;
			baseConfigurationReference = 9576DCC834828EA9EED659A2 /* Pods-MyIOSBrain.release.xcconfig */;
			buildSettings = {
				ASSETCATALOG_COMPILER_APPICON_NAME = AppIcon;
				CODE_SIGN_ENTITLEMENTS = MyIOSBrain/MyIOSBrain.entitlements;
				INFOPLIST_FILE = MyIOSBrain/Info.plist;
				IPHONEOS_DEPLOYMENT_TARGET = 8.0;
				LD_RUNPATH_SEARCH_PATHS = "$(inherited) @executable_path/Frameworks";
				PRODUCT_BUNDLE_IDENTIFIER = com.okar.MyIOSBrain;
				PRODUCT_NAME = "$(TARGET_NAME)";
			};
			name = Release;
		};
		0DA8D19C1D479574005B2CCD /* Debug */ = {
			isa = XCBuildConfiguration;
			buildSettings = {
				BUNDLE_LOADER = "$(TEST_HOST)";
				INFOPLIST_FILE = MyIOSBrainTests/Info.plist;
				LD_RUNPATH_SEARCH_PATHS = "$(inherited) @executable_path/Frameworks @loader_path/Frameworks";
				PRODUCT_BUNDLE_IDENTIFIER = com.okar.MyIOSBrainTests;
				PRODUCT_NAME = "$(TARGET_NAME)";
				TEST_HOST = "$(BUILT_PRODUCTS_DIR)/MyIOSBrain.app/MyIOSBrain";
			};
			name = Debug;
		};
		0DA8D19D1D479574005B2CCD /* Release */ = {
			isa = XCBuildConfiguration;
			buildSettings = {
				BUNDLE_LOADER = "$(TEST_HOST)";
				INFOPLIST_FILE = MyIOSBrainTests/Info.plist;
				LD_RUNPATH_SEARCH_PATHS = "$(inherited) @executable_path/Frameworks @loader_path/Frameworks";
				PRODUCT_BUNDLE_IDENTIFIER = com.okar.MyIOSBrainTests;
				PRODUCT_NAME = "$(TARGET_NAME)";
				TEST_HOST = "$(BUILT_PRODUCTS_DIR)/MyIOSBrain.app/MyIOSBrain";
			};
			name = Release;
		};
		0DA8D19F1D479574005B2CCD /* Debug */ = {
			isa = XCBuildConfiguration;
			buildSettings = {
				INFOPLIST_FILE = MyIOSBrainUITests/Info.plist;
				LD_RUNPATH_SEARCH_PATHS = "$(inherited) @executable_path/Frameworks @loader_path/Frameworks";
				PRODUCT_BUNDLE_IDENTIFIER = com.okar.MyIOSBrainUITests;
				PRODUCT_NAME = "$(TARGET_NAME)";
				TEST_TARGET_NAME = MyIOSBrain;
			};
			name = Debug;
		};
		0DA8D1A01D479574005B2CCD /* Release */ = {
			isa = XCBuildConfiguration;
			buildSettings = {
				INFOPLIST_FILE = MyIOSBrainUITests/Info.plist;
				LD_RUNPATH_SEARCH_PATHS = "$(inherited) @executable_path/Frameworks @loader_path/Frameworks";
				PRODUCT_BUNDLE_IDENTIFIER = com.okar.MyIOSBrainUITests;
				PRODUCT_NAME = "$(TARGET_NAME)";
				TEST_TARGET_NAME = MyIOSBrain;
			};
			name = Release;
		};
/* End XCBuildConfiguration section */

/* Begin XCConfigurationList section */
		0DA8D1631D479574005B2CCD /* Build configuration list for PBXProject "MyIOSBrain" */ = {
			isa = XCConfigurationList;
			buildConfigurations = (
				0DA8D1961D479574005B2CCD /* Debug */,
				0DA8D1971D479574005B2CCD /* Release */,
			);
			defaultConfigurationIsVisible = 0;
			defaultConfigurationName = Release;
		};
		0DA8D1981D479574005B2CCD /* Build configuration list for PBXNativeTarget "MyIOSBrain" */ = {
			isa = XCConfigurationList;
			buildConfigurations = (
				0DA8D1991D479574005B2CCD /* Debug */,
				0DA8D19A1D479574005B2CCD /* Release */,
			);
			defaultConfigurationIsVisible = 0;
			defaultConfigurationName = Release;
		};
		0DA8D19B1D479574005B2CCD /* Build configuration list for PBXNativeTarget "MyIOSBrainTests" */ = {
			isa = XCConfigurationList;
			buildConfigurations = (
				0DA8D19C1D479574005B2CCD /* Debug */,
				0DA8D19D1D479574005B2CCD /* Release */,
			);
			defaultConfigurationIsVisible = 0;
			defaultConfigurationName = Release;
		};
		0DA8D19E1D479574005B2CCD /* Build configuration list for PBXNativeTarget "MyIOSBrainUITests" */ = {
			isa = XCConfigurationList;
			buildConfigurations = (
				0DA8D19F1D479574005B2CCD /* Debug */,
				0DA8D1A01D479574005B2CCD /* Release */,
			);
			defaultConfigurationIsVisible = 0;
			defaultConfigurationName = Release;
		};
/* End XCConfigurationList section */

/* Begin XCVersionGroup section */
		0DA8D1771D479574005B2CCD /* MyIOSBrain.xcdatamodeld */ = {
			isa = XCVersionGroup;
			children = (
				0DA8D1781D479574005B2CCD /* MyIOSBrain.xcdatamodel */,
			);
			currentVersion = 0DA8D1781D479574005B2CCD /* MyIOSBrain.xcdatamodel */;
			path = MyIOSBrain.xcdatamodeld;
			sourceTree = "<group>";
			versionGroupType = wrapper.xcdatamodel;
		};
/* End XCVersionGroup section */
	};
	rootObject = 0DA8D1601D479574005B2CCD /* Project object */;
}
